
Microsoft Visual Studio Solution File, Format Version 12.00
# Visual Studio Version 17
VisualStudioVersion = 17.4.33205.214
MinimumVisualStudioVersion = 10.0.40219.1
Project("{2150E333-8FDC-42A3-9474-1A3956D46DE8}") = "Domain", "Domain", "{F460BCD4-6C56-4EA1-8182-3B6C10562207}"
EndProject
Project("{9A19103F-16F7-4668-BE54-9A1E7A4F7556}") = "NorthSound.Domain.Interfaces", "NorthSound.Domain.Interfaces\NorthSound.Domain.Interfaces.csproj", "{96A76F3C-12E2-499B-9628-97250D82E968}"
EndProject
Project("{2150E333-8FDC-42A3-9474-1A3956D46DE8}") = "Infrastructure", "Infrastructure", "{50ECE3CD-6996-4772-96C5-F143CE473FD2}"
EndProject
Project("{9A19103F-16F7-4668-BE54-9A1E7A4F7556}") = "NorthSound.Infrastructure.Backend", "NorthSound.Infrastructure\NorthSound.Infrastructure.Backend.csproj", "{829CD06A-E281-4DAB-A18E-9FFED1D6723D}"
	ProjectSection(ProjectDependencies) = postProject
		{B40CD83F-B30E-4B21-8653-712BEFB6CE9E} = {B40CD83F-B30E-4B21-8653-712BEFB6CE9E}
	EndProjectSection
EndProject
Project("{2150E333-8FDC-42A3-9474-1A3956D46DE8}") = "Backend", "Backend", "{2A01F191-ABBC-4724-851B-618626FB1245}"
EndProject
Project("{9A19103F-16F7-4668-BE54-9A1E7A4F7556}") = "NorthSound.Backend.LibraryApplication", "NorthSound.Backend.LibraryApplication\NorthSound.Backend.LibraryApplication.csproj", "{64FCF170-487F-4D96-AD27-D336626B1652}"
	ProjectSection(ProjectDependencies) = postProject
		{B40CD83F-B30E-4B21-8653-712BEFB6CE9E} = {B40CD83F-B30E-4B21-8653-712BEFB6CE9E}
	EndProjectSection
EndProject
Project("{2150E333-8FDC-42A3-9474-1A3956D46DE8}") = "Services", "Services", "{E89D7065-5A74-4CB6-B8B9-6ED758808007}"
EndProject
Project("{9A19103F-16F7-4668-BE54-9A1E7A4F7556}") = "NorthSound.Services", "NorthSound.Services\NorthSound.Services.csproj", "{C00A95E8-D5C2-431D-A90F-164117113134}"
EndProject
Project("{FAE04EC0-301F-11D3-BF4B-00C04F79EFBC}") = "NorthSound.Domain.Entities", "NorthSound.Domain.Entities\NorthSound.Domain.Entities.csproj", "{B40CD83F-B30E-4B21-8653-712BEFB6CE9E}"
EndProject
Global
	GlobalSection(SolutionConfigurationPlatforms) = preSolution
		Debug|Any CPU = Debug|Any CPU
		Release|Any CPU = Release|Any CPU
	EndGlobalSection
	GlobalSection(ProjectConfigurationPlatforms) = postSolution
		{96A76F3C-12E2-499B-9628-97250D82E968}.Debug|Any CPU.ActiveCfg = Debug|Any CPU
		{96A76F3C-12E2-499B-9628-97250D82E968}.Debug|Any CPU.Build.0 = Debug|Any CPU
		{96A76F3C-12E2-499B-9628-97250D82E968}.Release|Any CPU.ActiveCfg = Release|Any CPU
		{96A76F3C-12E2-499B-9628-97250D82E968}.Release|Any CPU.Build.0 = Release|Any CPU
		{829CD06A-E281-4DAB-A18E-9FFED1D6723D}.Debug|Any CPU.ActiveCfg = Debug|Any CPU
		{829CD06A-E281-4DAB-A18E-9FFED1D6723D}.Debug|Any CPU.Build.0 = Debug|Any CPU
		{829CD06A-E281-4DAB-A18E-9FFED1D6723D}.Release|Any CPU.ActiveCfg = Release|Any CPU
		{829CD06A-E281-4DAB-A18E-9FFED1D6723D}.Release|Any CPU.Build.0 = Release|Any CPU
		{64FCF170-487F-4D96-AD27-D336626B1652}.Debug|Any CPU.ActiveCfg = Debug|Any CPU
		{64FCF170-487F-4D96-AD27-D336626B1652}.Debug|Any CPU.Build.0 = Debug|Any CPU
		{64FCF170-487F-4D96-AD27-D336626B1652}.Release|Any CPU.ActiveCfg = Release|Any CPU
		{64FCF170-487F-4D96-AD27-D336626B1652}.Release|Any CPU.Build.0 = Release|Any CPU
		{C00A95E8-D5C2-431D-A90F-164117113134}.Debug|Any CPU.ActiveCfg = Debug|Any CPU
		{C00A95E8-D5C2-431D-A90F-164117113134}.Debug|Any CPU.Build.0 = Debug|Any CPU
		{C00A95E8-D5C2-431D-A90F-164117113134}.Release|Any CPU.ActiveCfg = Release|Any CPU
		{C00A95E8-D5C2-431D-A90F-164117113134}.Release|Any CPU.Build.0 = Release|Any CPU
		{B40CD83F-B30E-4B21-8653-712BEFB6CE9E}.Debug|Any CPU.ActiveCfg = Debug|Any CPU
		{B40CD83F-B30E-4B21-8653-712BEFB6CE9E}.Debug|Any CPU.Build.0 = Debug|Any CPU
		{B40CD83F-B30E-4B21-8653-712BEFB6CE9E}.Release|Any CPU.ActiveCfg = Release|Any CPU
		{B40CD83F-B30E-4B21-8653-712BEFB6CE9E}.Release|Any CPU.Build.0 = Release|Any CPU
	EndGlobalSection
	GlobalSection(SolutionProperties) = preSolution
		HideSolutionNode = FALSE
	EndGlobalSection
	GlobalSection(NestedProjects) = preSolution
		{96A76F3C-12E2-499B-9628-97250D82E968} = {F460BCD4-6C56-4EA1-8182-3B6C10562207}
		{829CD06A-E281-4DAB-A18E-9FFED1D6723D} = {50ECE3CD-6996-4772-96C5-F143CE473FD2}
		{64FCF170-487F-4D96-AD27-D336626B1652} = {2A01F191-ABBC-4724-851B-618626FB1245}
		{C00A95E8-D5C2-431D-A90F-164117113134} = {E89D7065-5A74-4CB6-B8B9-6ED758808007}
		{B40CD83F-B30E-4B21-8653-712BEFB6CE9E} = {F460BCD4-6C56-4EA1-8182-3B6C10562207}
	EndGlobalSection
	GlobalSection(ExtensibilityGlobals) = postSolution
		SolutionGuid = {BDA31BCE-DADD-4890-9005-CD7E571634B6}
	EndGlobalSection
EndGlobal
